// !$*UTF8*$!
{
	archiveVersion = 1;
	classes = {
	};
	objectVersion = 50;
	objects = {

/* Begin PBXBuildFile section */
		A316CE5B21D204DF009BB66F /* JoinGameVC.swift in Sources */ = {isa = PBXBuildFile; fileRef = A316CE5A21D204DF009BB66F /* JoinGameVC.swift */; };
		A316CE5D21D8A0BA009BB66F /* PlayVC.swift in Sources */ = {isa = PBXBuildFile; fileRef = A316CE5C21D8A0BA009BB66F /* PlayVC.swift */; };
		A316CE5F21D9A635009BB66F /* TextFieldExtension.swift in Sources */ = {isa = PBXBuildFile; fileRef = A316CE5E21D9A635009BB66F /* TextFieldExtension.swift */; };
		A316CE6221DC43A0009BB66F /* WelcomeVC.swift in Sources */ = {isa = PBXBuildFile; fileRef = A316CE6121DC43A0009BB66F /* WelcomeVC.swift */; };
		A316CE6421DC4875009BB66F /* SginUpVC.swift in Sources */ = {isa = PBXBuildFile; fileRef = A316CE6321DC4875009BB66F /* SginUpVC.swift */; };
		A316CE6621DC4882009BB66F /* LogInVC.swift in Sources */ = {isa = PBXBuildFile; fileRef = A316CE6521DC4882009BB66F /* LogInVC.swift */; };
		A316CE6821DC6145009BB66F /* errorsEnum.swift in Sources */ = {isa = PBXBuildFile; fileRef = A316CE6721DC6145009BB66F /* errorsEnum.swift */; };
		A316CE6B21DDB834009BB66F /* ProfileTableVC.swift in Sources */ = {isa = PBXBuildFile; fileRef = A316CE6A21DDB834009BB66F /* ProfileTableVC.swift */; };
		A316CE6D21DDC439009BB66F /*  UserClass.swift in Sources */ = {isa = PBXBuildFile; fileRef = A316CE6C21DDC439009BB66F /*  UserClass.swift */; };
		A316CE6F21DE2E09009BB66F /* VCSwitcher.swift in Sources */ = {isa = PBXBuildFile; fileRef = A316CE6E21DE2E09009BB66F /* VCSwitcher.swift */; };
		A316CE7121E0C825009BB66F /* Game.swift in Sources */ = {isa = PBXBuildFile; fileRef = A316CE7021E0C825009BB66F /* Game.swift */; };
		A316CE7521E2FFF8009BB66F /* FirebaseDataMode.swift in Sources */ = {isa = PBXBuildFile; fileRef = A316CE7421E2FFF8009BB66F /* FirebaseDataMode.swift */; };
		A3241D9821D08AB200104FD3 /* GoogleService-Info.plist in Resources */ = {isa = PBXBuildFile; fileRef = A3241D9721D08AB200104FD3 /* GoogleService-Info.plist */; };
		A357F2AB21F3CB35005A3EFD /* InGame.swift in Sources */ = {isa = PBXBuildFile; fileRef = A357F2AA21F3CB35005A3EFD /* InGame.swift */; };
		A357F2AD21F71119005A3EFD /* GameStartedTVC.swift in Sources */ = {isa = PBXBuildFile; fileRef = A357F2AC21F71119005A3EFD /* GameStartedTVC.swift */; };
		A3597528218A7A2800B888BB /* HowToPlayTVC.swift in Sources */ = {isa = PBXBuildFile; fileRef = A3597527218A7A2800B888BB /* HowToPlayTVC.swift */; };
		A359752B218A7EBD00B888BB /* CustomCell.xib in Resources */ = {isa = PBXBuildFile; fileRef = A359752A218A7EBD00B888BB /* CustomCell.xib */; };
		A359752D218A82B900B888BB /* HowToPlayData.swift in Sources */ = {isa = PBXBuildFile; fileRef = A359752C218A82B900B888BB /* HowToPlayData.swift */; };
		A359752F218E79BE00B888BB /* HowToPlayDetailsVC.swift in Sources */ = {isa = PBXBuildFile; fileRef = A359752E218E79BE00B888BB /* HowToPlayDetailsVC.swift */; };
		A3597531218EAF0600B888BB /* UILabel.swift in Sources */ = {isa = PBXBuildFile; fileRef = A3597530218EAF0600B888BB /* UILabel.swift */; };
		A36210072186AC9300FCC765 /* NumberOfPlayersVC.swift in Sources */ = {isa = PBXBuildFile; fileRef = A36210062186AC9300FCC765 /* NumberOfPlayersVC.swift */; };
		A36210092187F06400FCC765 /* PlayerClass.swift in Sources */ = {isa = PBXBuildFile; fileRef = A36210082187F06400FCC765 /* PlayerClass.swift */; };
		A37DF05B21F94AAB00B4D85C /* RolesDataStructure.swift in Sources */ = {isa = PBXBuildFile; fileRef = A37DF05A21F94AAB00B4D85C /* RolesDataStructure.swift */; };
		A37DF05E21FBE4A300B4D85C /* mafioso.xcdatamodeld in Sources */ = {isa = PBXBuildFile; fileRef = A37DF05C21FBE4A300B4D85C /* mafioso.xcdatamodeld */; };
		A37DF06021FD3B1800B4D85C /* EditRolesTableVC.swift in Sources */ = {isa = PBXBuildFile; fileRef = A37DF05F21FD3B1800B4D85C /* EditRolesTableVC.swift */; };
		A37DF06222000DDB00B4D85C /* NotificationKeysExtension.swift in Sources */ = {isa = PBXBuildFile; fileRef = A37DF06122000DDB00B4D85C /* NotificationKeysExtension.swift */; };
		A37DF064220CF21C00B4D85C /* UIStoryboardSegueWithCompletion.swift in Sources */ = {isa = PBXBuildFile; fileRef = A37DF063220CF21C00B4D85C /* UIStoryboardSegueWithCompletion.swift */; };
		A381B55B220EABDE00829301 /* TableViewControllerForSelectingRole.swift in Sources */ = {isa = PBXBuildFile; fileRef = A381B55A220EABDE00829301 /* TableViewControllerForSelectingRole.swift */; };
		A3896DE422111366000607B7 /* StringExtension.swift in Sources */ = {isa = PBXBuildFile; fileRef = A3896DE322111366000607B7 /* StringExtension.swift */; };
		A3896DE8221113DA000607B7 /* Functions.swift in Sources */ = {isa = PBXBuildFile; fileRef = A3896DE7221113DA000607B7 /* Functions.swift */; };
		A38E0143215DCCB900F041C7 /* AppDelegate.swift in Sources */ = {isa = PBXBuildFile; fileRef = A38E0142215DCCB900F041C7 /* AppDelegate.swift */; };
		A38E0145215DCCB900F041C7 /* NewJoinAGameVC.swift in Sources */ = {isa = PBXBuildFile; fileRef = A38E0144215DCCB900F041C7 /* NewJoinAGameVC.swift */; };
		A38E0148215DCCB900F041C7 /* Main.storyboard in Resources */ = {isa = PBXBuildFile; fileRef = A38E0146215DCCB900F041C7 /* Main.storyboard */; };
		A38E014A215DCCBB00F041C7 /* Assets.xcassets in Resources */ = {isa = PBXBuildFile; fileRef = A38E0149215DCCBB00F041C7 /* Assets.xcassets */; };
		A38E014D215DCCBB00F041C7 /* LaunchScreen.storyboard in Resources */ = {isa = PBXBuildFile; fileRef = A38E014B215DCCBB00F041C7 /* LaunchScreen.storyboard */; };
		A52DC7C85558FEC5BA4AEBEF /* Pods_mafioso.framework in Frameworks */ = {isa = PBXBuildFile; fileRef = 4958096803308780FE144A57 /* Pods_mafioso.framework */; };
/* End PBXBuildFile section */

/* Begin PBXFileReference section */
		4958096803308780FE144A57 /* Pods_mafioso.framework */ = {isa = PBXFileReference; explicitFileType = wrapper.framework; includeInIndex = 0; path = Pods_mafioso.framework; sourceTree = BUILT_PRODUCTS_DIR; };
		A316CE5A21D204DF009BB66F /* JoinGameVC.swift */ = {isa = PBXFileReference; lastKnownFileType = sourcecode.swift; path = JoinGameVC.swift; sourceTree = "<group>"; };
		A316CE5C21D8A0BA009BB66F /* PlayVC.swift */ = {isa = PBXFileReference; lastKnownFileType = sourcecode.swift; path = PlayVC.swift; sourceTree = "<group>"; };
		A316CE5E21D9A635009BB66F /* TextFieldExtension.swift */ = {isa = PBXFileReference; lastKnownFileType = sourcecode.swift; path = TextFieldExtension.swift; sourceTree = "<group>"; };
		A316CE6121DC43A0009BB66F /* WelcomeVC.swift */ = {isa = PBXFileReference; lastKnownFileType = sourcecode.swift; path = WelcomeVC.swift; sourceTree = "<group>"; };
		A316CE6321DC4875009BB66F /* SginUpVC.swift */ = {isa = PBXFileReference; lastKnownFileType = sourcecode.swift; path = SginUpVC.swift; sourceTree = "<group>"; };
		A316CE6521DC4882009BB66F /* LogInVC.swift */ = {isa = PBXFileReference; lastKnownFileType = sourcecode.swift; path = LogInVC.swift; sourceTree = "<group>"; };
		A316CE6721DC6145009BB66F /* errorsEnum.swift */ = {isa = PBXFileReference; lastKnownFileType = sourcecode.swift; path = errorsEnum.swift; sourceTree = "<group>"; };
		A316CE6921DCD5CC009BB66F /* mafioso.entitlements */ = {isa = PBXFileReference; lastKnownFileType = text.plist.entitlements; path = mafioso.entitlements; sourceTree = "<group>"; };
		A316CE6A21DDB834009BB66F /* ProfileTableVC.swift */ = {isa = PBXFileReference; lastKnownFileType = sourcecode.swift; path = ProfileTableVC.swift; sourceTree = "<group>"; };
		A316CE6C21DDC439009BB66F /*  UserClass.swift */ = {isa = PBXFileReference; lastKnownFileType = sourcecode.swift; path = " UserClass.swift"; sourceTree = "<group>"; };
		A316CE6E21DE2E09009BB66F /* VCSwitcher.swift */ = {isa = PBXFileReference; lastKnownFileType = sourcecode.swift; path = VCSwitcher.swift; sourceTree = "<group>"; };
		A316CE7021E0C825009BB66F /* Game.swift */ = {isa = PBXFileReference; lastKnownFileType = sourcecode.swift; path = Game.swift; sourceTree = "<group>"; };
		A316CE7421E2FFF8009BB66F /* FirebaseDataMode.swift */ = {isa = PBXFileReference; lastKnownFileType = sourcecode.swift; path = FirebaseDataMode.swift; sourceTree = "<group>"; };
		A3241D9721D08AB200104FD3 /* GoogleService-Info.plist */ = {isa = PBXFileReference; fileEncoding = 4; lastKnownFileType = text.plist.xml; path = "GoogleService-Info.plist"; sourceTree = "<group>"; };
		A357F2AA21F3CB35005A3EFD /* InGame.swift */ = {isa = PBXFileReference; lastKnownFileType = sourcecode.swift; path = InGame.swift; sourceTree = "<group>"; };
		A357F2AC21F71119005A3EFD /* GameStartedTVC.swift */ = {isa = PBXFileReference; lastKnownFileType = sourcecode.swift; path = GameStartedTVC.swift; sourceTree = "<group>"; };
		A3597527218A7A2800B888BB /* HowToPlayTVC.swift */ = {isa = PBXFileReference; lastKnownFileType = sourcecode.swift; path = HowToPlayTVC.swift; sourceTree = "<group>"; };
		A359752A218A7EBD00B888BB /* CustomCell.xib */ = {isa = PBXFileReference; lastKnownFileType = file.xib; path = CustomCell.xib; sourceTree = "<group>"; };
		A359752C218A82B900B888BB /* HowToPlayData.swift */ = {isa = PBXFileReference; lastKnownFileType = sourcecode.swift; path = HowToPlayData.swift; sourceTree = "<group>"; };
		A359752E218E79BE00B888BB /* HowToPlayDetailsVC.swift */ = {isa = PBXFileReference; lastKnownFileType = sourcecode.swift; path = HowToPlayDetailsVC.swift; sourceTree = "<group>"; };
		A3597530218EAF0600B888BB /* UILabel.swift */ = {isa = PBXFileReference; lastKnownFileType = sourcecode.swift; path = UILabel.swift; sourceTree = "<group>"; };
		A36210062186AC9300FCC765 /* NumberOfPlayersVC.swift */ = {isa = PBXFileReference; lastKnownFileType = sourcecode.swift; path = NumberOfPlayersVC.swift; sourceTree = "<group>"; };
		A36210082187F06400FCC765 /* PlayerClass.swift */ = {isa = PBXFileReference; lastKnownFileType = sourcecode.swift; path = PlayerClass.swift; sourceTree = "<group>"; };
		A37DF05A21F94AAB00B4D85C /* RolesDataStructure.swift */ = {isa = PBXFileReference; lastKnownFileType = sourcecode.swift; path = RolesDataStructure.swift; sourceTree = "<group>"; };
		A37DF05D21FBE4A300B4D85C /* mafioso.xcdatamodel */ = {isa = PBXFileReference; lastKnownFileType = wrapper.xcdatamodel; path = mafioso.xcdatamodel; sourceTree = "<group>"; };
		A37DF05F21FD3B1800B4D85C /* EditRolesTableVC.swift */ = {isa = PBXFileReference; lastKnownFileType = sourcecode.swift; path = EditRolesTableVC.swift; sourceTree = "<group>"; };
		A37DF06122000DDB00B4D85C /* NotificationKeysExtension.swift */ = {isa = PBXFileReference; lastKnownFileType = sourcecode.swift; path = NotificationKeysExtension.swift; sourceTree = "<group>"; };
		A37DF063220CF21C00B4D85C /* UIStoryboardSegueWithCompletion.swift */ = {isa = PBXFileReference; lastKnownFileType = sourcecode.swift; path = UIStoryboardSegueWithCompletion.swift; sourceTree = "<group>"; };
		A381B55A220EABDE00829301 /* TableViewControllerForSelectingRole.swift */ = {isa = PBXFileReference; lastKnownFileType = sourcecode.swift; path = TableViewControllerForSelectingRole.swift; sourceTree = "<group>"; };
		A3896DE322111366000607B7 /* StringExtension.swift */ = {isa = PBXFileReference; lastKnownFileType = sourcecode.swift; path = StringExtension.swift; sourceTree = "<group>"; };
		A3896DE7221113DA000607B7 /* Functions.swift */ = {isa = PBXFileReference; lastKnownFileType = sourcecode.swift; path = Functions.swift; sourceTree = "<group>"; };
		A38E013F215DCCB900F041C7 /* mafioso.app */ = {isa = PBXFileReference; explicitFileType = wrapper.application; includeInIndex = 0; path = mafioso.app; sourceTree = BUILT_PRODUCTS_DIR; };
		A38E0142215DCCB900F041C7 /* AppDelegate.swift */ = {isa = PBXFileReference; lastKnownFileType = sourcecode.swift; path = AppDelegate.swift; sourceTree = "<group>"; };
		A38E0144215DCCB900F041C7 /* NewJoinAGameVC.swift */ = {isa = PBXFileReference; lastKnownFileType = sourcecode.swift; path = NewJoinAGameVC.swift; sourceTree = "<group>"; };
		A38E0147215DCCB900F041C7 /* Base */ = {isa = PBXFileReference; lastKnownFileType = file.storyboard; name = Base; path = Base.lproj/Main.storyboard; sourceTree = "<group>"; };
		A38E0149215DCCBB00F041C7 /* Assets.xcassets */ = {isa = PBXFileReference; lastKnownFileType = folder.assetcatalog; path = Assets.xcassets; sourceTree = "<group>"; };
		A38E014C215DCCBB00F041C7 /* Base */ = {isa = PBXFileReference; lastKnownFileType = file.storyboard; name = Base; path = Base.lproj/LaunchScreen.storyboard; sourceTree = "<group>"; };
		A38E014E215DCCBB00F041C7 /* Info.plist */ = {isa = PBXFileReference; lastKnownFileType = text.plist.xml; path = Info.plist; sourceTree = "<group>"; };
		D0769158A261A46D876872F5 /* Pods-mafioso.release.xcconfig */ = {isa = PBXFileReference; includeInIndex = 1; lastKnownFileType = text.xcconfig; name = "Pods-mafioso.release.xcconfig"; path = "Pods/Target Support Files/Pods-mafioso/Pods-mafioso.release.xcconfig"; sourceTree = "<group>"; };
		F7E59CA4FFC0BEA88DC45F3F /* Pods-mafioso.debug.xcconfig */ = {isa = PBXFileReference; includeInIndex = 1; lastKnownFileType = text.xcconfig; name = "Pods-mafioso.debug.xcconfig"; path = "Pods/Target Support Files/Pods-mafioso/Pods-mafioso.debug.xcconfig"; sourceTree = "<group>"; };
/* End PBXFileReference section */

/* Begin PBXFrameworksBuildPhase section */
		A38E013C215DCCB900F041C7 /* Frameworks */ = {
			isa = PBXFrameworksBuildPhase;
			buildActionMask = 2147483647;
			files = (
				A52DC7C85558FEC5BA4AEBEF /* Pods_mafioso.framework in Frameworks */,
			);
			runOnlyForDeploymentPostprocessing = 0;
		};
/* End PBXFrameworksBuildPhase section */

/* Begin PBXGroup section */
		00DD13B1788A646C87E86CFF /* Frameworks */ = {
			isa = PBXGroup;
			children = (
				4958096803308780FE144A57 /* Pods_mafioso.framework */,
			);
			name = Frameworks;
			sourceTree = "<group>";
		};
		9B6DDC576CFC166BEFB2A2D4 /* Pods */ = {
			isa = PBXGroup;
			children = (
				F7E59CA4FFC0BEA88DC45F3F /* Pods-mafioso.debug.xcconfig */,
				D0769158A261A46D876872F5 /* Pods-mafioso.release.xcconfig */,
			);
			name = Pods;
			sourceTree = "<group>";
		};
		A316CE5521D203DD009BB66F /* New Game */ = {
			isa = PBXGroup;
			children = (
				A36210062186AC9300FCC765 /* NumberOfPlayersVC.swift */,
				A316CE5C21D8A0BA009BB66F /* PlayVC.swift */,
				A37DF05F21FD3B1800B4D85C /* EditRolesTableVC.swift */,
				A381B55A220EABDE00829301 /* TableViewControllerForSelectingRole.swift */,
				A357F2AC21F71119005A3EFD /* GameStartedTVC.swift */,
			);
			name = "New Game";
			sourceTree = "<group>";
		};
		A316CE5621D20426009BB66F /* Join a Game */ = {
			isa = PBXGroup;
			children = (
				A316CE5A21D204DF009BB66F /* JoinGameVC.swift */,
				A357F2AA21F3CB35005A3EFD /* InGame.swift */,
			);
			name = "Join a Game";
			sourceTree = "<group>";
		};
		A316CE5921D20496009BB66F /* Howto Play */ = {
			isa = PBXGroup;
			children = (
				A3597527218A7A2800B888BB /* HowToPlayTVC.swift */,
				A359752E218E79BE00B888BB /* HowToPlayDetailsVC.swift */,
			);
			name = "Howto Play";
			sourceTree = "<group>";
		};
		A316CE6021DC4359009BB66F /* Sgin in /Sgin up VC's */ = {
			isa = PBXGroup;
			children = (
				A316CE6121DC43A0009BB66F /* WelcomeVC.swift */,
				A316CE6321DC4875009BB66F /* SginUpVC.swift */,
				A316CE6521DC4882009BB66F /* LogInVC.swift */,
			);
			name = "Sgin in /Sgin up VC's";
			sourceTree = "<group>";
		};
		A3597529218A7D6200B888BB /* Custom Cell */ = {
			isa = PBXGroup;
			children = (
				A359752A218A7EBD00B888BB /* CustomCell.xib */,
			);
			path = "Custom Cell";
			sourceTree = "<group>";
		};
		A3896DE1221112C2000607B7 /* Classes */ = {
			isa = PBXGroup;
			children = (
				A37DF063220CF21C00B4D85C /* UIStoryboardSegueWithCompletion.swift */,
				A316CE7021E0C825009BB66F /* Game.swift */,
				A36210082187F06400FCC765 /* PlayerClass.swift */,
				A316CE6E21DE2E09009BB66F /* VCSwitcher.swift */,
				A316CE6C21DDC439009BB66F /*  UserClass.swift */,
				A316CE6721DC6145009BB66F /* errorsEnum.swift */,
			);
			path = Classes;
			sourceTree = "<group>";
		};
		A3896DE22211130A000607B7 /* Extensions */ = {
			isa = PBXGroup;
			children = (
				A37DF06122000DDB00B4D85C /* NotificationKeysExtension.swift */,
				A316CE5E21D9A635009BB66F /* TextFieldExtension.swift */,
				A3896DE322111366000607B7 /* StringExtension.swift */,
				A3597530218EAF0600B888BB /* UILabel.swift */,
			);
			path = Extensions;
			sourceTree = "<group>";
		};
		A3896DE522111396000607B7 /* Functions */ = {
			isa = PBXGroup;
			children = (
				A3896DE7221113DA000607B7 /* Functions.swift */,
			);
			path = Functions;
			sourceTree = "<group>";
		};
		A38E0136215DCCB900F041C7 = {
			isa = PBXGroup;
			children = (
				A38E0141215DCCB900F041C7 /* mafioso */,
				A38E0140215DCCB900F041C7 /* Products */,
				9B6DDC576CFC166BEFB2A2D4 /* Pods */,
				00DD13B1788A646C87E86CFF /* Frameworks */,
			);
			sourceTree = "<group>";
		};
		A38E0140215DCCB900F041C7 /* Products */ = {
			isa = PBXGroup;
			children = (
				A38E013F215DCCB900F041C7 /* mafioso.app */,
			);
			name = Products;
			sourceTree = "<group>";
		};
		A38E0141215DCCB900F041C7 /* mafioso */ = {
			isa = PBXGroup;
			children = (
				A3896DE522111396000607B7 /* Functions */,
				A3896DE22211130A000607B7 /* Extensions */,
				A3896DE1221112C2000607B7 /* Classes */,
				A38E0154215DCD0D00F041C7 /* Model */,
				A38E0155215DCD1700F041C7 /* View */,
				A38E0156215DCD1D00F041C7 /* Controller */,
				A38E0149215DCCBB00F041C7 /* Assets.xcassets */,
				A316CE6921DCD5CC009BB66F /* mafioso.entitlements */,
				A37DF05C21FBE4A300B4D85C /* mafioso.xcdatamodeld */,
				A38E014E215DCCBB00F041C7 /* Info.plist */,
				A3241D9721D08AB200104FD3 /* GoogleService-Info.plist */,
			);
			path = mafioso;
			sourceTree = "<group>";
		};
		A38E0154215DCD0D00F041C7 /* Model */ = {
			isa = PBXGroup;
			children = (
				A359752C218A82B900B888BB /* HowToPlayData.swift */,
				A316CE7421E2FFF8009BB66F /* FirebaseDataMode.swift */,
				A37DF05A21F94AAB00B4D85C /* RolesDataStructure.swift */,
			);
			path = Model;
			sourceTree = "<group>";
		};
		A38E0155215DCD1700F041C7 /* View */ = {
			isa = PBXGroup;
			children = (
				A38E0146215DCCB900F041C7 /* Main.storyboard */,
				A38E014B215DCCBB00F041C7 /* LaunchScreen.storyboard */,
				A3597529218A7D6200B888BB /* Custom Cell */,
			);
			path = View;
			sourceTree = "<group>";
		};
		A38E0156215DCD1D00F041C7 /* Controller */ = {
			isa = PBXGroup;
			children = (
				A316CE6021DC4359009BB66F /* Sgin in /Sgin up VC's */,
				A316CE5921D20496009BB66F /* Howto Play */,
				A316CE5621D20426009BB66F /* Join a Game */,
				A316CE5521D203DD009BB66F /* New Game */,
				A38E0142215DCCB900F041C7 /* AppDelegate.swift */,
				A38E0144215DCCB900F041C7 /* NewJoinAGameVC.swift */,
				A316CE6A21DDB834009BB66F /* ProfileTableVC.swift */,
			);
			path = Controller;
			sourceTree = "<group>";
		};
/* End PBXGroup section */

/* Begin PBXNativeTarget section */
		A38E013E215DCCB900F041C7 /* mafioso */ = {
			isa = PBXNativeTarget;
			buildConfigurationList = A38E0151215DCCBB00F041C7 /* Build configuration list for PBXNativeTarget "mafioso" */;
			buildPhases = (
				54AFC25D254DDD3E19D514EB /* [CP] Check Pods Manifest.lock */,
				A38E013B215DCCB900F041C7 /* Sources */,
				A38E013C215DCCB900F041C7 /* Frameworks */,
				A38E013D215DCCB900F041C7 /* Resources */,
				4F6FA4100C3B5147EA3E51B8 /* [CP] Embed Pods Frameworks */,
			);
			buildRules = (
			);
			dependencies = (
			);
			name = mafioso;
			productName = mafioso;
			productReference = A38E013F215DCCB900F041C7 /* mafioso.app */;
			productType = "com.apple.product-type.application";
		};
/* End PBXNativeTarget section */

/* Begin PBXProject section */
		A38E0137215DCCB900F041C7 /* Project object */ = {
			isa = PBXProject;
			attributes = {
				LastSwiftUpdateCheck = 1000;
				LastUpgradeCheck = 1000;
				ORGANIZATIONNAME = "Wameedh Mohammed Ali";
				TargetAttributes = {
					A38E013E215DCCB900F041C7 = {
						CreatedOnToolsVersion = 10.0;
						SystemCapabilities = {
							com.apple.Keychain = {
								enabled = 1;
							};
						};
					};
				};
			};
			buildConfigurationList = A38E013A215DCCB900F041C7 /* Build configuration list for PBXProject "mafioso" */;
			compatibilityVersion = "Xcode 9.3";
			developmentRegion = en;
			hasScannedForEncodings = 0;
			knownRegions = (
				en,
				Base,
			);
			mainGroup = A38E0136215DCCB900F041C7;
			productRefGroup = A38E0140215DCCB900F041C7 /* Products */;
			projectDirPath = "";
			projectRoot = "";
			targets = (
				A38E013E215DCCB900F041C7 /* mafioso */,
			);
		};
/* End PBXProject section */

/* Begin PBXResourcesBuildPhase section */
		A38E013D215DCCB900F041C7 /* Resources */ = {
			isa = PBXResourcesBuildPhase;
			buildActionMask = 2147483647;
			files = (
				A38E014D215DCCBB00F041C7 /* LaunchScreen.storyboard in Resources */,
				A38E014A215DCCBB00F041C7 /* Assets.xcassets in Resources */,
				A3241D9821D08AB200104FD3 /* GoogleService-Info.plist in Resources */,
				A359752B218A7EBD00B888BB /* CustomCell.xib in Resources */,
				A38E0148215DCCB900F041C7 /* Main.storyboard in Resources */,
			);
			runOnlyForDeploymentPostprocessing = 0;
		};
/* End PBXResourcesBuildPhase section */

/* Begin PBXShellScriptBuildPhase section */
		4F6FA4100C3B5147EA3E51B8 /* [CP] Embed Pods Frameworks */ = {
			isa = PBXShellScriptBuildPhase;
			buildActionMask = 2147483647;
			files = (
			);
			inputFileListPaths = (
			);
			inputPaths = (
				"${SRCROOT}/Pods/Target Support Files/Pods-mafioso/Pods-mafioso-frameworks.sh",
				"${BUILT_PRODUCTS_DIR}/GTMSessionFetcher/GTMSessionFetcher.framework",
				"${BUILT_PRODUCTS_DIR}/GoogleUtilities/GoogleUtilities.framework",
				"${BUILT_PRODUCTS_DIR}/SVProgressHUD/SVProgressHUD.framework",
				"${BUILT_PRODUCTS_DIR}/leveldb-library/leveldb.framework",
				"${BUILT_PRODUCTS_DIR}/nanopb/nanopb.framework",
			);
			name = "[CP] Embed Pods Frameworks";
			outputFileListPaths = (
			);
			outputPaths = (
				"${TARGET_BUILD_DIR}/${FRAMEWORKS_FOLDER_PATH}/GTMSessionFetcher.framework",
				"${TARGET_BUILD_DIR}/${FRAMEWORKS_FOLDER_PATH}/GoogleUtilities.framework",
				"${TARGET_BUILD_DIR}/${FRAMEWORKS_FOLDER_PATH}/SVProgressHUD.framework",
				"${TARGET_BUILD_DIR}/${FRAMEWORKS_FOLDER_PATH}/leveldb.framework",
				"${TARGET_BUILD_DIR}/${FRAMEWORKS_FOLDER_PATH}/nanopb.framework",
			);
			runOnlyForDeploymentPostprocessing = 0;
			shellPath = /bin/sh;
			shellScript = "\"${SRCROOT}/Pods/Target Support Files/Pods-mafioso/Pods-mafioso-frameworks.sh\"\n";
			showEnvVarsInLog = 0;
		};
		54AFC25D254DDD3E19D514EB /* [CP] Check Pods Manifest.lock */ = {
			isa = PBXShellScriptBuildPhase;
			buildActionMask = 2147483647;
			files = (
			);
			inputFileListPaths = (
			);
			inputPaths = (
				"${PODS_PODFILE_DIR_PATH}/Podfile.lock",
				"${PODS_ROOT}/Manifest.lock",
			);
			name = "[CP] Check Pods Manifest.lock";
			outputFileListPaths = (
			);
			outputPaths = (
				"$(DERIVED_FILE_DIR)/Pods-mafioso-checkManifestLockResult.txt",
			);
			runOnlyForDeploymentPostprocessing = 0;
			shellPath = /bin/sh;
			shellScript = "diff \"${PODS_PODFILE_DIR_PATH}/Podfile.lock\" \"${PODS_ROOT}/Manifest.lock\" > /dev/null\nif [ $? != 0 ] ; then\n    # print error to STDERR\n    echo \"error: The sandbox is not in sync with the Podfile.lock. Run 'pod install' or update your CocoaPods installation.\" >&2\n    exit 1\nfi\n# This output is used by Xcode 'outputs' to avoid re-running this script phase.\necho \"SUCCESS\" > \"${SCRIPT_OUTPUT_FILE_0}\"\n";
			showEnvVarsInLog = 0;
		};
/* End PBXShellScriptBuildPhase section */

/* Begin PBXSourcesBuildPhase section */
		A38E013B215DCCB900F041C7 /* Sources */ = {
			isa = PBXSourcesBuildPhase;
			buildActionMask = 2147483647;
			files = (
				A36210092187F06400FCC765 /* PlayerClass.swift in Sources */,
				A316CE6B21DDB834009BB66F /* ProfileTableVC.swift in Sources */,
				A316CE6821DC6145009BB66F /* errorsEnum.swift in Sources */,
				A37DF05E21FBE4A300B4D85C /* mafioso.xcdatamodeld in Sources */,
				A37DF064220CF21C00B4D85C /* UIStoryboardSegueWithCompletion.swift in Sources */,
				A37DF05B21F94AAB00B4D85C /* RolesDataStructure.swift in Sources */,
				A3597531218EAF0600B888BB /* UILabel.swift in Sources */,
				A316CE6621DC4882009BB66F /* LogInVC.swift in Sources */,
				A316CE5D21D8A0BA009BB66F /* PlayVC.swift in Sources */,
				A316CE6221DC43A0009BB66F /* WelcomeVC.swift in Sources */,
				A316CE7521E2FFF8009BB66F /* FirebaseDataMode.swift in Sources */,
				A38E0145215DCCB900F041C7 /* NewJoinAGameVC.swift in Sources */,
				A3896DE422111366000607B7 /* StringExtension.swift in Sources */,
				A316CE6D21DDC439009BB66F /*  UserClass.swift in Sources */,
				A316CE6421DC4875009BB66F /* SginUpVC.swift in Sources */,
				A359752F218E79BE00B888BB /* HowToPlayDetailsVC.swift in Sources */,
				A381B55B220EABDE00829301 /* TableViewControllerForSelectingRole.swift in Sources */,
				A37DF06222000DDB00B4D85C /* NotificationKeysExtension.swift in Sources */,
				A316CE5F21D9A635009BB66F /* TextFieldExtension.swift in Sources */,
				A357F2AD21F71119005A3EFD /* GameStartedTVC.swift in Sources */,
				A3597528218A7A2800B888BB /* HowToPlayTVC.swift in Sources */,
				A36210072186AC9300FCC765 /* NumberOfPlayersVC.swift in Sources */,
				A316CE7121E0C825009BB66F /* Game.swift in Sources */,
				A3896DE8221113DA000607B7 /* Functions.swift in Sources */,
				A38E0143215DCCB900F041C7 /* AppDelegate.swift in Sources */,
				A316CE6F21DE2E09009BB66F /* VCSwitcher.swift in Sources */,
				A359752D218A82B900B888BB /* HowToPlayData.swift in Sources */,
				A37DF06021FD3B1800B4D85C /* EditRolesTableVC.swift in Sources */,
				A316CE5B21D204DF009BB66F /* JoinGameVC.swift in Sources */,
				A357F2AB21F3CB35005A3EFD /* InGame.swift in Sources */,
			);
			runOnlyForDeploymentPostprocessing = 0;
		};
/* End PBXSourcesBuildPhase section */

/* Begin PBXVariantGroup section */
		A38E0146215DCCB900F041C7 /* Main.storyboard */ = {
			isa = PBXVariantGroup;
			children = (
				A38E0147215DCCB900F041C7 /* Base */,
			);
			name = Main.storyboard;
			sourceTree = "<group>";
		};
		A38E014B215DCCBB00F041C7 /* LaunchScreen.storyboard */ = {
			isa = PBXVariantGroup;
			children = (
				A38E014C215DCCBB00F041C7 /* Base */,
			);
			name = LaunchScreen.storyboard;
			sourceTree = "<group>";
		};
/* End PBXVariantGroup section */

/* Begin XCBuildConfiguration section */
		A38E014F215DCCBB00F041C7 /* Debug */ = {
			isa = XCBuildConfiguration;
			buildSettings = {
				ALWAYS_SEARCH_USER_PATHS = NO;
				CLANG_ANALYZER_NONNULL = YES;
				CLANG_ANALYZER_NUMBER_OBJECT_CONVERSION = YES_AGGRESSIVE;
				CLANG_CXX_LANGUAGE_STANDARD = "gnu++14";
				CLANG_CXX_LIBRARY = "libc++";
				CLANG_ENABLE_MODULES = YES;
				CLANG_ENABLE_OBJC_ARC = YES;
				CLANG_ENABLE_OBJC_WEAK = YES;
				CLANG_WARN_BLOCK_CAPTURE_AUTORELEASING = YES;
				CLANG_WARN_BOOL_CONVERSION = YES;
				CLANG_WARN_COMMA = YES;
				CLANG_WARN_CONSTANT_CONVERSION = YES;
				CLANG_WARN_DEPRECATED_OBJC_IMPLEMENTATIONS = YES;
				CLANG_WARN_DIRECT_OBJC_ISA_USAGE = YES_ERROR;
				CLANG_WARN_DOCUMENTATION_COMMENTS = YES;
				CLANG_WARN_EMPTY_BODY = YES;
				CLANG_WARN_ENUM_CONVERSION = YES;
				CLANG_WARN_INFINITE_RECURSION = YES;
				CLANG_WARN_INT_CONVERSION = YES;
				CLANG_WARN_NON_LITERAL_NULL_CONVERSION = YES;
				CLANG_WARN_OBJC_IMPLICIT_RETAIN_SELF = YES;
				CLANG_WARN_OBJC_LITERAL_CONVERSION = YES;
				CLANG_WARN_OBJC_ROOT_CLASS = YES_ERROR;
				CLANG_WARN_RANGE_LOOP_ANALYSIS = YES;
				CLANG_WARN_STRICT_PROTOTYPES = YES;
				CLANG_WARN_SUSPICIOUS_MOVE = YES;
				CLANG_WARN_UNGUARDED_AVAILABILITY = YES_AGGRESSIVE;
				CLANG_WARN_UNREACHABLE_CODE = YES;
				CLANG_WARN__DUPLICATE_METHOD_MATCH = YES;
				CODE_SIGN_IDENTITY = "iPhone Developer";
				COPY_PHASE_STRIP = NO;
				DEBUG_INFORMATION_FORMAT = dwarf;
				ENABLE_STRICT_OBJC_MSGSEND = YES;
				ENABLE_TESTABILITY = YES;
				GCC_C_LANGUAGE_STANDARD = gnu11;
				GCC_DYNAMIC_NO_PIC = NO;
				GCC_NO_COMMON_BLOCKS = YES;
				GCC_OPTIMIZATION_LEVEL = 0;
				GCC_PREPROCESSOR_DEFINITIONS = (
					"DEBUG=1",
					"$(inherited)",
				);
				GCC_WARN_64_TO_32_BIT_CONVERSION = YES;
				GCC_WARN_ABOUT_RETURN_TYPE = YES_ERROR;
				GCC_WARN_UNDECLARED_SELECTOR = YES;
				GCC_WARN_UNINITIALIZED_AUTOS = YES_AGGRESSIVE;
				GCC_WARN_UNUSED_FUNCTION = YES;
				GCC_WARN_UNUSED_VARIABLE = YES;
				IPHONEOS_DEPLOYMENT_TARGET = 12.0;
				MTL_ENABLE_DEBUG_INFO = INCLUDE_SOURCE;
				MTL_FAST_MATH = YES;
				ONLY_ACTIVE_ARCH = YES;
				SDKROOT = iphoneos;
				SWIFT_ACTIVE_COMPILATION_CONDITIONS = DEBUG;
				SWIFT_OPTIMIZATION_LEVEL = "-Onone";
			};
			name = Debug;
		};
		A38E0150215DCCBB00F041C7 /* Release */ = {
			isa = XCBuildConfiguration;
			buildSettings = {
				ALWAYS_SEARCH_USER_PATHS = NO;
				CLANG_ANALYZER_NONNULL = YES;
				CLANG_ANALYZER_NUMBER_OBJECT_CONVERSION = YES_AGGRESSIVE;
				CLANG_CXX_LANGUAGE_STANDARD = "gnu++14";
				CLANG_CXX_LIBRARY = "libc++";
				CLANG_ENABLE_MODULES = YES;
				CLANG_ENABLE_OBJC_ARC = YES;
				CLANG_ENABLE_OBJC_WEAK = YES;
				CLANG_WARN_BLOCK_CAPTURE_AUTORELEASING = YES;
				CLANG_WARN_BOOL_CONVERSION = YES;
				CLANG_WARN_COMMA = YES;
				CLANG_WARN_CONSTANT_CONVERSION = YES;
				CLANG_WARN_DEPRECATED_OBJC_IMPLEMENTATIONS = YES;
				CLANG_WARN_DIRECT_OBJC_ISA_USAGE = YES_ERROR;
				CLANG_WARN_DOCUMENTATION_COMMENTS = YES;
				CLANG_WARN_EMPTY_BODY = YES;
				CLANG_WARN_ENUM_CONVERSION = YES;
				CLANG_WARN_INFINITE_RECURSION = YES;
				CLANG_WARN_INT_CONVERSION = YES;
				CLANG_WARN_NON_LITERAL_NULL_CONVERSION = YES;
				CLANG_WARN_OBJC_IMPLICIT_RETAIN_SELF = YES;
				CLANG_WARN_OBJC_LITERAL_CONVERSION = YES;
				CLANG_WARN_OBJC_ROOT_CLASS = YES_ERROR;
				CLANG_WARN_RANGE_LOOP_ANALYSIS = YES;
				CLANG_WARN_STRICT_PROTOTYPES = YES;
				CLANG_WARN_SUSPICIOUS_MOVE = YES;
				CLANG_WARN_UNGUARDED_AVAILABILITY = YES_AGGRESSIVE;
				CLANG_WARN_UNREACHABLE_CODE = YES;
				CLANG_WARN__DUPLICATE_METHOD_MATCH = YES;
				CODE_SIGN_IDENTITY = "iPhone Developer";
				COPY_PHASE_STRIP = NO;
				DEBUG_INFORMATION_FORMAT = "dwarf-with-dsym";
				ENABLE_NS_ASSERTIONS = NO;
				ENABLE_STRICT_OBJC_MSGSEND = YES;
				GCC_C_LANGUAGE_STANDARD = gnu11;
				GCC_NO_COMMON_BLOCKS = YES;
				GCC_WARN_64_TO_32_BIT_CONVERSION = YES;
				GCC_WARN_ABOUT_RETURN_TYPE = YES_ERROR;
				GCC_WARN_UNDECLARED_SELECTOR = YES;
				GCC_WARN_UNINITIALIZED_AUTOS = YES_AGGRESSIVE;
				GCC_WARN_UNUSED_FUNCTION = YES;
				GCC_WARN_UNUSED_VARIABLE = YES;
				IPHONEOS_DEPLOYMENT_TARGET = 12.0;
				MTL_ENABLE_DEBUG_INFO = NO;
				MTL_FAST_MATH = YES;
				SDKROOT = iphoneos;
				SWIFT_COMPILATION_MODE = wholemodule;
				SWIFT_OPTIMIZATION_LEVEL = "-O";
				VALIDATE_PRODUCT = YES;
			};
			name = Release;
		};
		A38E0152215DCCBB00F041C7 /* Debug */ = {
			isa = XCBuildConfiguration;
			baseConfigurationReference = F7E59CA4FFC0BEA88DC45F3F /* Pods-mafioso.debug.xcconfig */;
			buildSettings = {
				ASSETCATALOG_COMPILER_APPICON_NAME = AppIcon;
				CODE_SIGN_ENTITLEMENTS = mafioso/mafioso.entitlements;
				CODE_SIGN_STYLE = Automatic;
				DEVELOPMENT_TEAM = T97EC4A29F;
				INFOPLIST_FILE = mafioso/Info.plist;
				IPHONEOS_DEPLOYMENT_TARGET = 11.0;
				LD_RUNPATH_SEARCH_PATHS = (
					"$(inherited)",
					"@executable_path/Frameworks",
				);
				PRODUCT_BUNDLE_IDENTIFIER = com.Wameedh.mafioso;
				PRODUCT_NAME = "$(TARGET_NAME)";
				SWIFT_VERSION = 4.2;
				TARGETED_DEVICE_FAMILY = "1,2";
			};
			name = Debug;
		};
		A38E0153215DCCBB00F041C7 /* Release */ = {
			isa = XCBuildConfiguration;
			baseConfigurationReference = D0769158A261A46D876872F5 /* Pods-mafioso.release.xcconfig */;
			buildSettings = {
				ASSETCATALOG_COMPILER_APPICON_NAME = AppIcon;
				CODE_SIGN_ENTITLEMENTS = mafioso/mafioso.entitlements;
				CODE_SIGN_STYLE = Automatic;
				DEVELOPMENT_TEAM = T97EC4A29F;
				INFOPLIST_FILE = mafioso/Info.plist;
				IPHONEOS_DEPLOYMENT_TARGET = 11.0;
				LD_RUNPATH_SEARCH_PATHS = (
					"$(inherited)",
					"@executable_path/Frameworks",
				);
				PRODUCT_BUNDLE_IDENTIFIER = com.Wameedh.mafioso;
				PRODUCT_NAME = "$(TARGET_NAME)";
				SWIFT_VERSION = 4.2;
				TARGETED_DEVICE_FAMILY = "1,2";
			};
			name = Release;
		};
/* End XCBuildConfiguration section */

/* Begin XCConfigurationList section */
		A38E013A215DCCB900F041C7 /* Build configuration list for PBXProject "mafioso" */ = {
			isa = XCConfigurationList;
			buildConfigurations = (
				A38E014F215DCCBB00F041C7 /* Debug */,
				A38E0150215DCCBB00F041C7 /* Release */,
			);
			defaultConfigurationIsVisible = 0;
			defaultConfigurationName = Release;
		};
		A38E0151215DCCBB00F041C7 /* Build configuration list for PBXNativeTarget "mafioso" */ = {
			isa = XCConfigurationList;
			buildConfigurations = (
				A38E0152215DCCBB00F041C7 /* Debug */,
				A38E0153215DCCBB00F041C7 /* Release */,
			);
			defaultConfigurationIsVisible = 0;
			defaultConfigurationName = Release;
		};
/* End XCConfigurationList section */

/* Begin XCVersionGroup section */
		A37DF05C21FBE4A300B4D85C /* mafioso.xcdatamodeld */ = {
			isa = XCVersionGroup;
			children = (
				A37DF05D21FBE4A300B4D85C /* mafioso.xcdatamodel */,
			);
			currentVersion = A37DF05D21FBE4A300B4D85C /* mafioso.xcdatamodel */;
			path = mafioso.xcdatamodeld;
			sourceTree = "<group>";
			versionGroupType = wrapper.xcdatamodel;
		};
/* End XCVersionGroup section */
	};
	rootObject = A38E0137215DCCB900F041C7 /* Project object */;
}
